// !$*UTF8*$!
{
	archiveVersion = 1;
	classes = {
	};
	objectVersion = 46;
	objects = {

/* Begin PBXBuildFile section */
		6D6A42BC1A05BA3B0005B35F /* main.m in Sources */ = {isa = PBXBuildFile; fileRef = 6D6A42BB1A05BA3B0005B35F /* main.m */; };
		6D6A42BF1A05BA3B0005B35F /* AppDelegate.m in Sources */ = {isa = PBXBuildFile; fileRef = 6D6A42BE1A05BA3B0005B35F /* AppDelegate.m */; };
		6D6A42C21A05BA3B0005B35F /* HaiTao.xcdatamodeld in Sources */ = {isa = PBXBuildFile; fileRef = 6D6A42C01A05BA3B0005B35F /* HaiTao.xcdatamodeld */; };
		6D6A42CA1A05BA3B0005B35F /* Images.xcassets in Resources */ = {isa = PBXBuildFile; fileRef = 6D6A42C91A05BA3B0005B35F /* Images.xcassets */; };
		6D6A42CD1A05BA3B0005B35F /* LaunchScreen.xib in Resources */ = {isa = PBXBuildFile; fileRef = 6D6A42CB1A05BA3B0005B35F /* LaunchScreen.xib */; };
		6D6A42D91A05BA3B0005B35F /* HaiTaoTests.m in Sources */ = {isa = PBXBuildFile; fileRef = 6D6A42D81A05BA3B0005B35F /* HaiTaoTests.m */; };
		6D6A42E91A05BE6C0005B35F /* LoginViewController.m in Sources */ = {isa = PBXBuildFile; fileRef = 6D6A42E81A05BE6C0005B35F /* LoginViewController.m */; };
		6D6A42EB1A05C00C0005B35F /* Main.storyboard in Resources */ = {isa = PBXBuildFile; fileRef = 6D6A42EA1A05C00C0005B35F /* Main.storyboard */; };
		6D6A453C1A061FB50005B35F /* libWeiboSDK.a in Frameworks */ = {isa = PBXBuildFile; fileRef = 6D6A45391A061FB50005B35F /* libWeiboSDK.a */; };
		6D6A453D1A061FB50005B35F /* WeiboSDK.bundle in Resources */ = {isa = PBXBuildFile; fileRef = 6D6A453A1A061FB50005B35F /* WeiboSDK.bundle */; };
		6DCA1AFC1A0CCC1A000E4E7E /* MaijiaTableViewCell.m in Sources */ = {isa = PBXBuildFile; fileRef = 6DCA1AFB1A0CCC1A000E4E7E /* MaijiaTableViewCell.m */; };
		6DCA1AFF1A0CCC87000E4E7E /* MainTableViewController.m in Sources */ = {isa = PBXBuildFile; fileRef = 6DCA1AFE1A0CCC87000E4E7E /* MainTableViewController.m */; };
		6DCA1B021A0D36DD000E4E7E /* Utility.m in Sources */ = {isa = PBXBuildFile; fileRef = 6DCA1B011A0D36DD000E4E7E /* Utility.m */; };
		6DCA1B131A0E0455000E4E7E /* HYSegmentedControl.m in Sources */ = {isa = PBXBuildFile; fileRef = 6DCA1B121A0E0455000E4E7E /* HYSegmentedControl.m */; };
		6DCA1B181A0E5CD2000E4E7E /* CountryPhoneTableViewController.m in Sources */ = {isa = PBXBuildFile; fileRef = 6DCA1B171A0E5CD2000E4E7E /* CountryPhoneTableViewController.m */; };
		6DCA1B2D1A1100FB000E4E7E /* Back_button@2x.png in Resources */ = {isa = PBXBuildFile; fileRef = 6DCA1B1D1A1100FB000E4E7E /* Back_button@2x.png */; };
		6DCA1B2E1A1100FB000E4E7E /* camera-icon@2x.png in Resources */ = {isa = PBXBuildFile; fileRef = 6DCA1B1E1A1100FB000E4E7E /* camera-icon@2x.png */; };
		6DCA1B2F1A1100FB000E4E7E /* close_button@2x.png in Resources */ = {isa = PBXBuildFile; fileRef = 6DCA1B1F1A1100FB000E4E7E /* close_button@2x.png */; };
		6DCA1B301A1100FB000E4E7E /* faxian@2x.png in Resources */ = {isa = PBXBuildFile; fileRef = 6DCA1B201A1100FB000E4E7E /* faxian@2x.png */; };
		6DCA1B311A1100FB000E4E7E /* feed@2x.png in Resources */ = {isa = PBXBuildFile; fileRef = 6DCA1B211A1100FB000E4E7E /* feed@2x.png */; };
		6DCA1B321A1100FB000E4E7E /* geren@2x.png in Resources */ = {isa = PBXBuildFile; fileRef = 6DCA1B221A1100FB000E4E7E /* geren@2x.png */; };
		6DCA1B331A1100FB000E4E7E /* login.png in Resources */ = {isa = PBXBuildFile; fileRef = 6DCA1B231A1100FB000E4E7E /* login.png */; };
		6DCA1B341A1100FB000E4E7E /* maijia@2x.png in Resources */ = {isa = PBXBuildFile; fileRef = 6DCA1B241A1100FB000E4E7E /* maijia@2x.png */; };
		6DCA1B351A1100FB000E4E7E /* pinglun@2x.png in Resources */ = {isa = PBXBuildFile; fileRef = 6DCA1B251A1100FB000E4E7E /* pinglun@2x.png */; };
		6DCA1B361A1100FB000E4E7E /* QQ_logo64X64@2x.png in Resources */ = {isa = PBXBuildFile; fileRef = 6DCA1B261A1100FB000E4E7E /* QQ_logo64X64@2x.png */; };
		6DCA1B371A1100FB000E4E7E /* sign_icon_qq@2x.png in Resources */ = {isa = PBXBuildFile; fileRef = 6DCA1B271A1100FB000E4E7E /* sign_icon_qq@2x.png */; };
		6DCA1B381A1100FB000E4E7E /* siliao@2x.png in Resources */ = {isa = PBXBuildFile; fileRef = 6DCA1B281A1100FB000E4E7E /* siliao@2x.png */; };
		6DCA1B391A1100FB000E4E7E /* weibo@2x.png in Resources */ = {isa = PBXBuildFile; fileRef = 6DCA1B291A1100FB000E4E7E /* weibo@2x.png */; };
		6DCA1B3A1A1100FB000E4E7E /* weixin@2x.png in Resources */ = {isa = PBXBuildFile; fileRef = 6DCA1B2A1A1100FB000E4E7E /* weixin@2x.png */; };
		6DCA1B3B1A1100FB000E4E7E /* xiaoxi@2x.png in Resources */ = {isa = PBXBuildFile; fileRef = 6DCA1B2B1A1100FB000E4E7E /* xiaoxi@2x.png */; };
		6DCA1B3C1A1100FB000E4E7E /* zan@2x.png in Resources */ = {isa = PBXBuildFile; fileRef = 6DCA1B2C1A1100FB000E4E7E /* zan@2x.png */; };
		6DCA1B671A125897000E4E7E /* UIView+YIFullScreenScroll.m in Sources */ = {isa = PBXBuildFile; fileRef = 6DCA1B641A125897000E4E7E /* UIView+YIFullScreenScroll.m */; };
		6DCA1B681A125897000E4E7E /* YIFullScreenScroll.m in Sources */ = {isa = PBXBuildFile; fileRef = 6DCA1B661A125897000E4E7E /* YIFullScreenScroll.m */; };
		6DCA1B6A1A1258D0000E4E7E /* UIKit.framework in Frameworks */ = {isa = PBXBuildFile; fileRef = 6DCA1B691A1258D0000E4E7E /* UIKit.framework */; };
		6DCA1B6C1A1258DB000E4E7E /* CoreGraphics.framework in Frameworks */ = {isa = PBXBuildFile; fileRef = 6DCA1B6B1A1258DB000E4E7E /* CoreGraphics.framework */; };
		6DCA1B6E1A1258E2000E4E7E /* Foundation.framework in Frameworks */ = {isa = PBXBuildFile; fileRef = 6DCA1B6D1A1258E2000E4E7E /* Foundation.framework */; };
		6DCA1B721A137F9E000E4E7E /* TencentOpenAPI.framework in Frameworks */ = {isa = PBXBuildFile; fileRef = 6DCA1B711A137F9E000E4E7E /* TencentOpenAPI.framework */; };
		6DCA1B741A137FEC000E4E7E /* Security.framework in Frameworks */ = {isa = PBXBuildFile; fileRef = 6DCA1B731A137FEC000E4E7E /* Security.framework */; };
		6DCA1B761A138004000E4E7E /* libiconv.dylib in Frameworks */ = {isa = PBXBuildFile; fileRef = 6DCA1B751A138004000E4E7E /* libiconv.dylib */; };
		6DCA1B781A138016000E4E7E /* SystemConfiguration.framework in Frameworks */ = {isa = PBXBuildFile; fileRef = 6DCA1B771A138016000E4E7E /* SystemConfiguration.framework */; };
		6DCA1B7A1A13802F000E4E7E /* libsqlite3.dylib in Frameworks */ = {isa = PBXBuildFile; fileRef = 6DCA1B791A13802F000E4E7E /* libsqlite3.dylib */; };
		6DCA1B7C1A13803D000E4E7E /* CoreTelephony.framework in Frameworks */ = {isa = PBXBuildFile; fileRef = 6DCA1B7B1A13803D000E4E7E /* CoreTelephony.framework */; };
		6DCA1B7E1A138053000E4E7E /* libstdc++.dylib in Frameworks */ = {isa = PBXBuildFile; fileRef = 6DCA1B7D1A138053000E4E7E /* libstdc++.dylib */; };
		6DCA1B801A138060000E4E7E /* libz.dylib in Frameworks */ = {isa = PBXBuildFile; fileRef = 6DCA1B7F1A138060000E4E7E /* libz.dylib */; };
		6DCA1B821A1380D0000E4E7E /* TencentOpenApi_IOS_Bundle.bundle in Resources */ = {isa = PBXBuildFile; fileRef = 6DCA1B811A1380D0000E4E7E /* TencentOpenApi_IOS_Bundle.bundle */; };
/* End PBXBuildFile section */

/* Begin PBXContainerItemProxy section */
		6D6A42D31A05BA3B0005B35F /* PBXContainerItemProxy */ = {
			isa = PBXContainerItemProxy;
			containerPortal = 6D6A42AE1A05BA3A0005B35F /* Project object */;
			proxyType = 1;
			remoteGlobalIDString = 6D6A42B51A05BA3A0005B35F;
			remoteInfo = HaiTao;
		};
/* End PBXContainerItemProxy section */

/* Begin PBXFileReference section */
		6D6A42B61A05BA3A0005B35F /* HaiTao.app */ = {isa = PBXFileReference; explicitFileType = wrapper.application; includeInIndex = 0; path = HaiTao.app; sourceTree = BUILT_PRODUCTS_DIR; };
		6D6A42BA1A05BA3B0005B35F /* Info.plist */ = {isa = PBXFileReference; lastKnownFileType = text.plist.xml; path = Info.plist; sourceTree = "<group>"; };
		6D6A42BB1A05BA3B0005B35F /* main.m */ = {isa = PBXFileReference; lastKnownFileType = sourcecode.c.objc; path = main.m; sourceTree = "<group>"; };
		6D6A42BD1A05BA3B0005B35F /* AppDelegate.h */ = {isa = PBXFileReference; lastKnownFileType = sourcecode.c.h; path = AppDelegate.h; sourceTree = "<group>"; };
		6D6A42BE1A05BA3B0005B35F /* AppDelegate.m */ = {isa = PBXFileReference; lastKnownFileType = sourcecode.c.objc; path = AppDelegate.m; sourceTree = "<group>"; };
		6D6A42C11A05BA3B0005B35F /* HaiTao.xcdatamodel */ = {isa = PBXFileReference; lastKnownFileType = wrapper.xcdatamodel; path = HaiTao.xcdatamodel; sourceTree = "<group>"; };
		6D6A42C91A05BA3B0005B35F /* Images.xcassets */ = {isa = PBXFileReference; lastKnownFileType = folder.assetcatalog; path = Images.xcassets; sourceTree = "<group>"; };
		6D6A42CC1A05BA3B0005B35F /* Base */ = {isa = PBXFileReference; lastKnownFileType = file.xib; name = Base; path = Base.lproj/LaunchScreen.xib; sourceTree = "<group>"; };
		6D6A42D21A05BA3B0005B35F /* HaiTaoTests.xctest */ = {isa = PBXFileReference; explicitFileType = wrapper.cfbundle; includeInIndex = 0; path = HaiTaoTests.xctest; sourceTree = BUILT_PRODUCTS_DIR; };
		6D6A42D71A05BA3B0005B35F /* Info.plist */ = {isa = PBXFileReference; lastKnownFileType = text.plist.xml; path = Info.plist; sourceTree = "<group>"; };
		6D6A42D81A05BA3B0005B35F /* HaiTaoTests.m */ = {isa = PBXFileReference; lastKnownFileType = sourcecode.c.objc; path = HaiTaoTests.m; sourceTree = "<group>"; };
		6D6A42E71A05BE6C0005B35F /* LoginViewController.h */ = {isa = PBXFileReference; fileEncoding = 4; lastKnownFileType = sourcecode.c.h; path = LoginViewController.h; sourceTree = "<group>"; };
		6D6A42E81A05BE6C0005B35F /* LoginViewController.m */ = {isa = PBXFileReference; fileEncoding = 4; lastKnownFileType = sourcecode.c.objc; path = LoginViewController.m; sourceTree = "<group>"; };
		6D6A42EA1A05C00C0005B35F /* Main.storyboard */ = {isa = PBXFileReference; fileEncoding = 4; lastKnownFileType = file.storyboard; path = Main.storyboard; sourceTree = "<group>"; };
		6D6A45391A061FB50005B35F /* libWeiboSDK.a */ = {isa = PBXFileReference; lastKnownFileType = archive.ar; name = libWeiboSDK.a; path = libWeiboSDK/libWeiboSDK.a; sourceTree = "<group>"; };
		6D6A453A1A061FB50005B35F /* WeiboSDK.bundle */ = {isa = PBXFileReference; lastKnownFileType = "wrapper.plug-in"; name = WeiboSDK.bundle; path = libWeiboSDK/WeiboSDK.bundle; sourceTree = "<group>"; };
		6D6A453B1A061FB50005B35F /* WeiboSDK.h */ = {isa = PBXFileReference; fileEncoding = 4; lastKnownFileType = sourcecode.c.h; name = WeiboSDK.h; path = libWeiboSDK/WeiboSDK.h; sourceTree = "<group>"; };
		6D6A453E1A062FA40005B35F /* WeiboSDK-Prefix.pch */ = {isa = PBXFileReference; fileEncoding = 4; lastKnownFileType = sourcecode.c.h; name = "WeiboSDK-Prefix.pch"; path = "libWeiboSDK/WeiboSDK-Prefix.pch"; sourceTree = "<group>"; };
		6DCA1AFA1A0CCC1A000E4E7E /* MaijiaTableViewCell.h */ = {isa = PBXFileReference; fileEncoding = 4; lastKnownFileType = sourcecode.c.h; path = MaijiaTableViewCell.h; sourceTree = "<group>"; };
		6DCA1AFB1A0CCC1A000E4E7E /* MaijiaTableViewCell.m */ = {isa = PBXFileReference; fileEncoding = 4; lastKnownFileType = sourcecode.c.objc; path = MaijiaTableViewCell.m; sourceTree = "<group>"; };
		6DCA1AFD1A0CCC87000E4E7E /* MainTableViewController.h */ = {isa = PBXFileReference; fileEncoding = 4; lastKnownFileType = sourcecode.c.h; path = MainTableViewController.h; sourceTree = "<group>"; };
		6DCA1AFE1A0CCC87000E4E7E /* MainTableViewController.m */ = {isa = PBXFileReference; fileEncoding = 4; lastKnownFileType = sourcecode.c.objc; path = MainTableViewController.m; sourceTree = "<group>"; };
		6DCA1B001A0D36DD000E4E7E /* Utility.h */ = {isa = PBXFileReference; fileEncoding = 4; lastKnownFileType = sourcecode.c.h; path = Utility.h; sourceTree = "<group>"; };
		6DCA1B011A0D36DD000E4E7E /* Utility.m */ = {isa = PBXFileReference; fileEncoding = 4; lastKnownFileType = sourcecode.c.objc; path = Utility.m; sourceTree = "<group>"; };
		6DCA1B111A0E0455000E4E7E /* HYSegmentedControl.h */ = {isa = PBXFileReference; fileEncoding = 4; lastKnownFileType = sourcecode.c.h; path = HYSegmentedControl.h; sourceTree = "<group>"; };
		6DCA1B121A0E0455000E4E7E /* HYSegmentedControl.m */ = {isa = PBXFileReference; fileEncoding = 4; lastKnownFileType = sourcecode.c.objc; path = HYSegmentedControl.m; sourceTree = "<group>"; };
		6DCA1B161A0E5CD1000E4E7E /* CountryPhoneTableViewController.h */ = {isa = PBXFileReference; fileEncoding = 4; lastKnownFileType = sourcecode.c.h; path = CountryPhoneTableViewController.h; sourceTree = "<group>"; };
		6DCA1B171A0E5CD2000E4E7E /* CountryPhoneTableViewController.m */ = {isa = PBXFileReference; fileEncoding = 4; lastKnownFileType = sourcecode.c.objc; path = CountryPhoneTableViewController.m; sourceTree = "<group>"; };
		6DCA1B191A0F3375000E4E7E /* PassValueDelegate.h */ = {isa = PBXFileReference; lastKnownFileType = sourcecode.c.h; path = PassValueDelegate.h; sourceTree = "<group>"; };
		6DCA1B1D1A1100FB000E4E7E /* Back_button@2x.png */ = {isa = PBXFileReference; lastKnownFileType = image.png; name = "Back_button@2x.png"; path = "resources/Back_button@2x.png"; sourceTree = "<group>"; };
		6DCA1B1E1A1100FB000E4E7E /* camera-icon@2x.png */ = {isa = PBXFileReference; lastKnownFileType = image.png; name = "camera-icon@2x.png"; path = "resources/camera-icon@2x.png"; sourceTree = "<group>"; };
		6DCA1B1F1A1100FB000E4E7E /* close_button@2x.png */ = {isa = PBXFileReference; lastKnownFileType = image.png; name = "close_button@2x.png"; path = "resources/close_button@2x.png"; sourceTree = "<group>"; };
		6DCA1B201A1100FB000E4E7E /* faxian@2x.png */ = {isa = PBXFileReference; lastKnownFileType = image.png; name = "faxian@2x.png"; path = "resources/faxian@2x.png"; sourceTree = "<group>"; };
		6DCA1B211A1100FB000E4E7E /* feed@2x.png */ = {isa = PBXFileReference; lastKnownFileType = image.png; name = "feed@2x.png"; path = "resources/feed@2x.png"; sourceTree = "<group>"; };
		6DCA1B221A1100FB000E4E7E /* geren@2x.png */ = {isa = PBXFileReference; lastKnownFileType = image.png; name = "geren@2x.png"; path = "resources/geren@2x.png"; sourceTree = "<group>"; };
		6DCA1B231A1100FB000E4E7E /* login.png */ = {isa = PBXFileReference; lastKnownFileType = image.png; name = login.png; path = resources/login.png; sourceTree = "<group>"; };
		6DCA1B241A1100FB000E4E7E /* maijia@2x.png */ = {isa = PBXFileReference; lastKnownFileType = image.png; name = "maijia@2x.png"; path = "resources/maijia@2x.png"; sourceTree = "<group>"; };
		6DCA1B251A1100FB000E4E7E /* pinglun@2x.png */ = {isa = PBXFileReference; lastKnownFileType = image.png; name = "pinglun@2x.png"; path = "resources/pinglun@2x.png"; sourceTree = "<group>"; };
		6DCA1B261A1100FB000E4E7E /* QQ_logo64X64@2x.png */ = {isa = PBXFileReference; lastKnownFileType = image.png; name = "QQ_logo64X64@2x.png"; path = "resources/QQ_logo64X64@2x.png"; sourceTree = "<group>"; };
		6DCA1B271A1100FB000E4E7E /* sign_icon_qq@2x.png */ = {isa = PBXFileReference; lastKnownFileType = image.png; name = "sign_icon_qq@2x.png"; path = "resources/sign_icon_qq@2x.png"; sourceTree = "<group>"; };
		6DCA1B281A1100FB000E4E7E /* siliao@2x.png */ = {isa = PBXFileReference; lastKnownFileType = image.png; name = "siliao@2x.png"; path = "resources/siliao@2x.png"; sourceTree = "<group>"; };
		6DCA1B291A1100FB000E4E7E /* weibo@2x.png */ = {isa = PBXFileReference; lastKnownFileType = image.png; name = "weibo@2x.png"; path = "resources/weibo@2x.png"; sourceTree = "<group>"; };
		6DCA1B2A1A1100FB000E4E7E /* weixin@2x.png */ = {isa = PBXFileReference; lastKnownFileType = image.png; name = "weixin@2x.png"; path = "resources/weixin@2x.png"; sourceTree = "<group>"; };
		6DCA1B2B1A1100FB000E4E7E /* xiaoxi@2x.png */ = {isa = PBXFileReference; lastKnownFileType = image.png; name = "xiaoxi@2x.png"; path = "resources/xiaoxi@2x.png"; sourceTree = "<group>"; };
		6DCA1B2C1A1100FB000E4E7E /* zan@2x.png */ = {isa = PBXFileReference; lastKnownFileType = image.png; name = "zan@2x.png"; path = "resources/zan@2x.png"; sourceTree = "<group>"; };
		6DCA1B631A125897000E4E7E /* UIView+YIFullScreenScroll.h */ = {isa = PBXFileReference; fileEncoding = 4; lastKnownFileType = sourcecode.c.h; name = "UIView+YIFullScreenScroll.h"; path = "YIFullScreenScroll/UIView+YIFullScreenScroll.h"; sourceTree = "<group>"; };
		6DCA1B641A125897000E4E7E /* UIView+YIFullScreenScroll.m */ = {isa = PBXFileReference; fileEncoding = 4; lastKnownFileType = sourcecode.c.objc; name = "UIView+YIFullScreenScroll.m"; path = "YIFullScreenScroll/UIView+YIFullScreenScroll.m"; sourceTree = "<group>"; };
		6DCA1B651A125897000E4E7E /* YIFullScreenScroll.h */ = {isa = PBXFileReference; fileEncoding = 4; lastKnownFileType = sourcecode.c.h; name = YIFullScreenScroll.h; path = YIFullScreenScroll/YIFullScreenScroll.h; sourceTree = "<group>"; };
		6DCA1B661A125897000E4E7E /* YIFullScreenScroll.m */ = {isa = PBXFileReference; fileEncoding = 4; lastKnownFileType = sourcecode.c.objc; name = YIFullScreenScroll.m; path = YIFullScreenScroll/YIFullScreenScroll.m; sourceTree = "<group>"; };
		6DCA1B691A1258D0000E4E7E /* UIKit.framework */ = {isa = PBXFileReference; lastKnownFileType = wrapper.framework; name = UIKit.framework; path = System/Library/Frameworks/UIKit.framework; sourceTree = SDKROOT; };
		6DCA1B6B1A1258DB000E4E7E /* CoreGraphics.framework */ = {isa = PBXFileReference; lastKnownFileType = wrapper.framework; name = CoreGraphics.framework; path = System/Library/Frameworks/CoreGraphics.framework; sourceTree = SDKROOT; };
		6DCA1B6D1A1258E2000E4E7E /* Foundation.framework */ = {isa = PBXFileReference; lastKnownFileType = wrapper.framework; name = Foundation.framework; path = System/Library/Frameworks/Foundation.framework; sourceTree = SDKROOT; };
		6DCA1B6F1A125A02000E4E7E /* HaiTao-prefix.pch */ = {isa = PBXFileReference; lastKnownFileType = sourcecode.c.h; path = "HaiTao-prefix.pch"; sourceTree = "<group>"; };
		6DCA1B711A137F9E000E4E7E /* TencentOpenAPI.framework */ = {isa = PBXFileReference; lastKnownFileType = wrapper.framework; name = TencentOpenAPI.framework; path = libQQSDK/TencentOpenAPI.framework; sourceTree = "<group>"; };
		6DCA1B731A137FEC000E4E7E /* Security.framework */ = {isa = PBXFileReference; lastKnownFileType = wrapper.framework; name = Security.framework; path = System/Library/Frameworks/Security.framework; sourceTree = SDKROOT; };
		6DCA1B751A138004000E4E7E /* libiconv.dylib */ = {isa = PBXFileReference; lastKnownFileType = "compiled.mach-o.dylib"; name = libiconv.dylib; path = usr/lib/libiconv.dylib; sourceTree = SDKROOT; };
		6DCA1B771A138016000E4E7E /* SystemConfiguration.framework */ = {isa = PBXFileReference; lastKnownFileType = wrapper.framework; name = SystemConfiguration.framework; path = System/Library/Frameworks/SystemConfiguration.framework; sourceTree = SDKROOT; };
		6DCA1B791A13802F000E4E7E /* libsqlite3.dylib */ = {isa = PBXFileReference; lastKnownFileType = "compiled.mach-o.dylib"; name = libsqlite3.dylib; path = usr/lib/libsqlite3.dylib; sourceTree = SDKROOT; };
		6DCA1B7B1A13803D000E4E7E /* CoreTelephony.framework */ = {isa = PBXFileReference; lastKnownFileType = wrapper.framework; name = CoreTelephony.framework; path = System/Library/Frameworks/CoreTelephony.framework; sourceTree = SDKROOT; };
		6DCA1B7D1A138053000E4E7E /* libstdc++.dylib */ = {isa = PBXFileReference; lastKnownFileType = "compiled.mach-o.dylib"; name = "libstdc++.dylib"; path = "usr/lib/libstdc++.dylib"; sourceTree = SDKROOT; };
		6DCA1B7F1A138060000E4E7E /* libz.dylib */ = {isa = PBXFileReference; lastKnownFileType = "compiled.mach-o.dylib"; name = libz.dylib; path = usr/lib/libz.dylib; sourceTree = SDKROOT; };
		6DCA1B811A1380D0000E4E7E /* TencentOpenApi_IOS_Bundle.bundle */ = {isa = PBXFileReference; lastKnownFileType = "wrapper.plug-in"; name = TencentOpenApi_IOS_Bundle.bundle; path = libQQSDK/TencentOpenApi_IOS_Bundle.bundle; sourceTree = "<group>"; };
/* End PBXFileReference section */

/* Begin PBXFrameworksBuildPhase section */
		6D6A42B31A05BA3A0005B35F /* Frameworks */ = {
			isa = PBXFrameworksBuildPhase;
			buildActionMask = 2147483647;
			files = (
				6DCA1B801A138060000E4E7E /* libz.dylib in Frameworks */,
				6DCA1B7E1A138053000E4E7E /* libstdc++.dylib in Frameworks */,
				6DCA1B7C1A13803D000E4E7E /* CoreTelephony.framework in Frameworks */,
				6DCA1B7A1A13802F000E4E7E /* libsqlite3.dylib in Frameworks */,
				6DCA1B781A138016000E4E7E /* SystemConfiguration.framework in Frameworks */,
				6DCA1B761A138004000E4E7E /* libiconv.dylib in Frameworks */,
				6DCA1B741A137FEC000E4E7E /* Security.framework in Frameworks */,
				6DCA1B721A137F9E000E4E7E /* TencentOpenAPI.framework in Frameworks */,
				6DCA1B6E1A1258E2000E4E7E /* Foundation.framework in Frameworks */,
				6DCA1B6C1A1258DB000E4E7E /* CoreGraphics.framework in Frameworks */,
				6DCA1B6A1A1258D0000E4E7E /* UIKit.framework in Frameworks */,
				6D6A453C1A061FB50005B35F /* libWeiboSDK.a in Frameworks */,
			);
			runOnlyForDeploymentPostprocessing = 0;
		};
		6D6A42CF1A05BA3B0005B35F /* Frameworks */ = {
			isa = PBXFrameworksBuildPhase;
			buildActionMask = 2147483647;
			files = (
			);
			runOnlyForDeploymentPostprocessing = 0;
		};
/* End PBXFrameworksBuildPhase section */

/* Begin PBXGroup section */
		6D6A42AD1A05BA3A0005B35F = {
			isa = PBXGroup;
			children = (
				6DCA1B701A137F67000E4E7E /* Frameworks */,
				6D6A45381A061F890005B35F /* libWeiboSDK */,
				6D6A432A1A05E5690005B35F /* Resources */,
				6D6A42B81A05BA3B0005B35F /* HaiTao */,
				6D6A42D51A05BA3B0005B35F /* HaiTaoTests */,
				6D6A42B71A05BA3A0005B35F /* Products */,
			);
			sourceTree = "<group>";
		};
		6D6A42B71A05BA3A0005B35F /* Products */ = {
			isa = PBXGroup;
			children = (
				6D6A42B61A05BA3A0005B35F /* HaiTao.app */,
				6D6A42D21A05BA3B0005B35F /* HaiTaoTests.xctest */,
			);
			name = Products;
			sourceTree = "<group>";
		};
		6D6A42B81A05BA3B0005B35F /* HaiTao */ = {
			isa = PBXGroup;
			children = (
				6DCA1B621A125873000E4E7E /* ScrollFullScreen */,
				6DCA1B1C1A10FBBF000E4E7E /* Login */,
				6DCA1B101A0E040F000E4E7E /* HYSegmentedControl */,
				6DCA1AF51A0CC687000E4E7E /* Main */,
				6D6A42EA1A05C00C0005B35F /* Main.storyboard */,
				6D6A42BD1A05BA3B0005B35F /* AppDelegate.h */,
				6D6A42BE1A05BA3B0005B35F /* AppDelegate.m */,
				6D6A42C91A05BA3B0005B35F /* Images.xcassets */,
				6D6A42CB1A05BA3B0005B35F /* LaunchScreen.xib */,
				6D6A42C01A05BA3B0005B35F /* HaiTao.xcdatamodeld */,
				6D6A42B91A05BA3B0005B35F /* Supporting Files */,
				6DCA1B001A0D36DD000E4E7E /* Utility.h */,
				6DCA1B011A0D36DD000E4E7E /* Utility.m */,
			);
			path = HaiTao;
			sourceTree = "<group>";
		};
		6D6A42B91A05BA3B0005B35F /* Supporting Files */ = {
			isa = PBXGroup;
			children = (
				6D6A42BA1A05BA3B0005B35F /* Info.plist */,
				6D6A42BB1A05BA3B0005B35F /* main.m */,
				6DCA1B6F1A125A02000E4E7E /* HaiTao-prefix.pch */,
			);
			name = "Supporting Files";
			sourceTree = "<group>";
		};
		6D6A42D51A05BA3B0005B35F /* HaiTaoTests */ = {
			isa = PBXGroup;
			children = (
				6D6A42D81A05BA3B0005B35F /* HaiTaoTests.m */,
				6D6A42D61A05BA3B0005B35F /* Supporting Files */,
			);
			path = HaiTaoTests;
			sourceTree = "<group>";
		};
		6D6A42D61A05BA3B0005B35F /* Supporting Files */ = {
			isa = PBXGroup;
			children = (
				6D6A42D71A05BA3B0005B35F /* Info.plist */,
			);
			name = "Supporting Files";
			sourceTree = "<group>";
		};
		6D6A432A1A05E5690005B35F /* Resources */ = {
			isa = PBXGroup;
			children = (
				6DCA1B1D1A1100FB000E4E7E /* Back_button@2x.png */,
				6DCA1B1E1A1100FB000E4E7E /* camera-icon@2x.png */,
				6DCA1B1F1A1100FB000E4E7E /* close_button@2x.png */,
				6DCA1B201A1100FB000E4E7E /* faxian@2x.png */,
				6DCA1B211A1100FB000E4E7E /* feed@2x.png */,
				6DCA1B221A1100FB000E4E7E /* geren@2x.png */,
				6DCA1B231A1100FB000E4E7E /* login.png */,
				6DCA1B241A1100FB000E4E7E /* maijia@2x.png */,
				6DCA1B251A1100FB000E4E7E /* pinglun@2x.png */,
				6DCA1B261A1100FB000E4E7E /* QQ_logo64X64@2x.png */,
				6DCA1B271A1100FB000E4E7E /* sign_icon_qq@2x.png */,
				6DCA1B281A1100FB000E4E7E /* siliao@2x.png */,
				6DCA1B291A1100FB000E4E7E /* weibo@2x.png */,
				6DCA1B2A1A1100FB000E4E7E /* weixin@2x.png */,
				6DCA1B2B1A1100FB000E4E7E /* xiaoxi@2x.png */,
				6DCA1B2C1A1100FB000E4E7E /* zan@2x.png */,
			);
			name = Resources;
			sourceTree = "<group>";
		};
		6D6A45381A061F890005B35F /* libWeiboSDK */ = {
			isa = PBXGroup;
			children = (
				6D6A453E1A062FA40005B35F /* WeiboSDK-Prefix.pch */,
				6D6A45391A061FB50005B35F /* libWeiboSDK.a */,
				6D6A453A1A061FB50005B35F /* WeiboSDK.bundle */,
				6D6A453B1A061FB50005B35F /* WeiboSDK.h */,
			);
			name = libWeiboSDK;
			sourceTree = "<group>";
		};
		6DCA1AF51A0CC687000E4E7E /* Main */ = {
			isa = PBXGroup;
			children = (
				6DCA1AFD1A0CCC87000E4E7E /* MainTableViewController.h */,
				6DCA1AFE1A0CCC87000E4E7E /* MainTableViewController.m */,
				6DCA1AFA1A0CCC1A000E4E7E /* MaijiaTableViewCell.h */,
				6DCA1AFB1A0CCC1A000E4E7E /* MaijiaTableViewCell.m */,
			);
			name = Main;
			sourceTree = "<group>";
		};
		6DCA1B101A0E040F000E4E7E /* HYSegmentedControl */ = {
			isa = PBXGroup;
			children = (
				6DCA1B111A0E0455000E4E7E /* HYSegmentedControl.h */,
				6DCA1B121A0E0455000E4E7E /* HYSegmentedControl.m */,
			);
			name = HYSegmentedControl;
			sourceTree = "<group>";
		};
		6DCA1B1C1A10FBBF000E4E7E /* Login */ = {
			isa = PBXGroup;
			children = (
				6DCA1B191A0F3375000E4E7E /* PassValueDelegate.h */,
				6DCA1B161A0E5CD1000E4E7E /* CountryPhoneTableViewController.h */,
				6DCA1B171A0E5CD2000E4E7E /* CountryPhoneTableViewController.m */,
				6D6A42E71A05BE6C0005B35F /* LoginViewController.h */,
				6D6A42E81A05BE6C0005B35F /* LoginViewController.m */,
			);
			name = Login;
			sourceTree = "<group>";
		};
		6DCA1B621A125873000E4E7E /* ScrollFullScreen */ = {
			isa = PBXGroup;
			children = (
				6DCA1B631A125897000E4E7E /* UIView+YIFullScreenScroll.h */,
				6DCA1B641A125897000E4E7E /* UIView+YIFullScreenScroll.m */,
				6DCA1B651A125897000E4E7E /* YIFullScreenScroll.h */,
				6DCA1B661A125897000E4E7E /* YIFullScreenScroll.m */,
			);
			name = ScrollFullScreen;
			sourceTree = "<group>";
		};
		6DCA1B701A137F67000E4E7E /* Frameworks */ = {
			isa = PBXGroup;
			children = (
				6DCA1B811A1380D0000E4E7E /* TencentOpenApi_IOS_Bundle.bundle */,
				6DCA1B7F1A138060000E4E7E /* libz.dylib */,
				6DCA1B7D1A138053000E4E7E /* libstdc++.dylib */,
				6DCA1B7B1A13803D000E4E7E /* CoreTelephony.framework */,
				6DCA1B791A13802F000E4E7E /* libsqlite3.dylib */,
				6DCA1B771A138016000E4E7E /* SystemConfiguration.framework */,
				6DCA1B751A138004000E4E7E /* libiconv.dylib */,
				6DCA1B731A137FEC000E4E7E /* Security.framework */,
				6DCA1B711A137F9E000E4E7E /* TencentOpenAPI.framework */,
				6DCA1B6D1A1258E2000E4E7E /* Foundation.framework */,
				6DCA1B6B1A1258DB000E4E7E /* CoreGraphics.framework */,
				6DCA1B691A1258D0000E4E7E /* UIKit.framework */,
			);
			name = Frameworks;
			sourceTree = "<group>";
		};
/* End PBXGroup section */

/* Begin PBXNativeTarget section */
		6D6A42B51A05BA3A0005B35F /* HaiTao */ = {
			isa = PBXNativeTarget;
			buildConfigurationList = 6D6A42DC1A05BA3B0005B35F /* Build configuration list for PBXNativeTarget "HaiTao" */;
			buildPhases = (
				6D6A42B21A05BA3A0005B35F /* Sources */,
				6D6A42B31A05BA3A0005B35F /* Frameworks */,
				6D6A42B41A05BA3A0005B35F /* Resources */,
			);
			buildRules = (
			);
			dependencies = (
			);
			name = HaiTao;
			productName = HaiTao;
			productReference = 6D6A42B61A05BA3A0005B35F /* HaiTao.app */;
			productType = "com.apple.product-type.application";
		};
		6D6A42D11A05BA3B0005B35F /* HaiTaoTests */ = {
			isa = PBXNativeTarget;
			buildConfigurationList = 6D6A42DF1A05BA3B0005B35F /* Build configuration list for PBXNativeTarget "HaiTaoTests" */;
			buildPhases = (
				6D6A42CE1A05BA3B0005B35F /* Sources */,
				6D6A42CF1A05BA3B0005B35F /* Frameworks */,
				6D6A42D01A05BA3B0005B35F /* Resources */,
			);
			buildRules = (
			);
			dependencies = (
				6D6A42D41A05BA3B0005B35F /* PBXTargetDependency */,
			);
			name = HaiTaoTests;
			productName = HaiTaoTests;
			productReference = 6D6A42D21A05BA3B0005B35F /* HaiTaoTests.xctest */;
			productType = "com.apple.product-type.bundle.unit-test";
		};
/* End PBXNativeTarget section */

/* Begin PBXProject section */
		6D6A42AE1A05BA3A0005B35F /* Project object */ = {
			isa = PBXProject;
			attributes = {
				LastUpgradeCheck = 0610;
				ORGANIZATIONNAME = home;
				TargetAttributes = {
					6D6A42B51A05BA3A0005B35F = {
						CreatedOnToolsVersion = 6.1;
						DevelopmentTeam = 833VCT4CR5;
					};
					6D6A42D11A05BA3B0005B35F = {
						CreatedOnToolsVersion = 6.1;
						TestTargetID = 6D6A42B51A05BA3A0005B35F;
					};
				};
			};
			buildConfigurationList = 6D6A42B11A05BA3A0005B35F /* Build configuration list for PBXProject "HaiTao" */;
			compatibilityVersion = "Xcode 3.2";
			developmentRegion = English;
			hasScannedForEncodings = 0;
			knownRegions = (
				en,
				Base,
			);
			mainGroup = 6D6A42AD1A05BA3A0005B35F;
			productRefGroup = 6D6A42B71A05BA3A0005B35F /* Products */;
			projectDirPath = "";
			projectRoot = "";
			targets = (
				6D6A42B51A05BA3A0005B35F /* HaiTao */,
				6D6A42D11A05BA3B0005B35F /* HaiTaoTests */,
			);
		};
/* End PBXProject section */

/* Begin PBXResourcesBuildPhase section */
		6D6A42B41A05BA3A0005B35F /* Resources */ = {
			isa = PBXResourcesBuildPhase;
			buildActionMask = 2147483647;
			files = (
				6DCA1B821A1380D0000E4E7E /* TencentOpenApi_IOS_Bundle.bundle in Resources */,
				6DCA1B321A1100FB000E4E7E /* geren@2x.png in Resources */,
				6DCA1B361A1100FB000E4E7E /* QQ_logo64X64@2x.png in Resources */,
				6DCA1B2F1A1100FB000E4E7E /* close_button@2x.png in Resources */,
				6DCA1B311A1100FB000E4E7E /* feed@2x.png in Resources */,
				6DCA1B3B1A1100FB000E4E7E /* xiaoxi@2x.png in Resources */,
				6DCA1B381A1100FB000E4E7E /* siliao@2x.png in Resources */,
				6DCA1B331A1100FB000E4E7E /* login.png in Resources */,
				6DCA1B371A1100FB000E4E7E /* sign_icon_qq@2x.png in Resources */,
				6DCA1B2E1A1100FB000E4E7E /* camera-icon@2x.png in Resources */,
				6D6A42CD1A05BA3B0005B35F /* LaunchScreen.xib in Resources */,
				6DCA1B3C1A1100FB000E4E7E /* zan@2x.png in Resources */,
				6D6A453D1A061FB50005B35F /* WeiboSDK.bundle in Resources */,
				6DCA1B2D1A1100FB000E4E7E /* Back_button@2x.png in Resources */,
				6DCA1B391A1100FB000E4E7E /* weibo@2x.png in Resources */,
				6DCA1B301A1100FB000E4E7E /* faxian@2x.png in Resources */,
				6DCA1B341A1100FB000E4E7E /* maijia@2x.png in Resources */,
				6DCA1B3A1A1100FB000E4E7E /* weixin@2x.png in Resources */,
				6DCA1B351A1100FB000E4E7E /* pinglun@2x.png in Resources */,
				6D6A42CA1A05BA3B0005B35F /* Images.xcassets in Resources */,
				6D6A42EB1A05C00C0005B35F /* Main.storyboard in Resources */,
			);
			runOnlyForDeploymentPostprocessing = 0;
		};
		6D6A42D01A05BA3B0005B35F /* Resources */ = {
			isa = PBXResourcesBuildPhase;
			buildActionMask = 2147483647;
			files = (
			);
			runOnlyForDeploymentPostprocessing = 0;
		};
/* End PBXResourcesBuildPhase section */

/* Begin PBXSourcesBuildPhase section */
		6D6A42B21A05BA3A0005B35F /* Sources */ = {
			isa = PBXSourcesBuildPhase;
			buildActionMask = 2147483647;
			files = (
				6DCA1B181A0E5CD2000E4E7E /* CountryPhoneTableViewController.m in Sources */,
				6DCA1AFF1A0CCC87000E4E7E /* MainTableViewController.m in Sources */,
				6DCA1AFC1A0CCC1A000E4E7E /* MaijiaTableViewCell.m in Sources */,
				6D6A42BF1A05BA3B0005B35F /* AppDelegate.m in Sources */,
				6DCA1B021A0D36DD000E4E7E /* Utility.m in Sources */,
				6D6A42BC1A05BA3B0005B35F /* main.m in Sources */,
				6D6A42C21A05BA3B0005B35F /* HaiTao.xcdatamodeld in Sources */,
				6D6A42E91A05BE6C0005B35F /* LoginViewController.m in Sources */,
				6DCA1B681A125897000E4E7E /* YIFullScreenScroll.m in Sources */,
				6DCA1B671A125897000E4E7E /* UIView+YIFullScreenScroll.m in Sources */,
				6DCA1B131A0E0455000E4E7E /* HYSegmentedControl.m in Sources */,
			);
			runOnlyForDeploymentPostprocessing = 0;
		};
		6D6A42CE1A05BA3B0005B35F /* Sources */ = {
			isa = PBXSourcesBuildPhase;
			buildActionMask = 2147483647;
			files = (
				6D6A42D91A05BA3B0005B35F /* HaiTaoTests.m in Sources */,
			);
			runOnlyForDeploymentPostprocessing = 0;
		};
/* End PBXSourcesBuildPhase section */

/* Begin PBXTargetDependency section */
		6D6A42D41A05BA3B0005B35F /* PBXTargetDependency */ = {
			isa = PBXTargetDependency;
			target = 6D6A42B51A05BA3A0005B35F /* HaiTao */;
			targetProxy = 6D6A42D31A05BA3B0005B35F /* PBXContainerItemProxy */;
		};
/* End PBXTargetDependency section */

/* Begin PBXVariantGroup section */
		6D6A42CB1A05BA3B0005B35F /* LaunchScreen.xib */ = {
			isa = PBXVariantGroup;
			children = (
				6D6A42CC1A05BA3B0005B35F /* Base */,
			);
			name = LaunchScreen.xib;
			sourceTree = "<group>";
		};
/* End PBXVariantGroup section */

/* Begin XCBuildConfiguration section */
		6D6A42DA1A05BA3B0005B35F /* Debug */ = {
			isa = XCBuildConfiguration;
			buildSettings = {
				ALWAYS_SEARCH_USER_PATHS = NO;
				CLANG_CXX_LANGUAGE_STANDARD = "gnu++0x";
				CLANG_CXX_LIBRARY = "libc++";
				CLANG_ENABLE_MODULES = YES;
				CLANG_ENABLE_OBJC_ARC = YES;
				CLANG_WARN_BOOL_CONVERSION = YES;
				CLANG_WARN_CONSTANT_CONVERSION = YES;
				CLANG_WARN_DIRECT_OBJC_ISA_USAGE = YES_ERROR;
				CLANG_WARN_EMPTY_BODY = YES;
				CLANG_WARN_ENUM_CONVERSION = YES;
				CLANG_WARN_INT_CONVERSION = YES;
				CLANG_WARN_OBJC_ROOT_CLASS = YES_ERROR;
				CLANG_WARN_UNREACHABLE_CODE = YES;
				CLANG_WARN__DUPLICATE_METHOD_MATCH = YES;
				"CODE_SIGN_IDENTITY[sdk=iphoneos*]" = "iPhone Developer";
				COPY_PHASE_STRIP = NO;
				ENABLE_STRICT_OBJC_MSGSEND = YES;
				GCC_C_LANGUAGE_STANDARD = gnu99;
				GCC_DYNAMIC_NO_PIC = NO;
				GCC_OPTIMIZATION_LEVEL = 0;
				GCC_PREPROCESSOR_DEFINITIONS = (
					"DEBUG=1",
					"$(inherited)",
				);
				GCC_SYMBOLS_PRIVATE_EXTERN = NO;
				GCC_WARN_64_TO_32_BIT_CONVERSION = YES;
				GCC_WARN_ABOUT_RETURN_TYPE = YES_ERROR;
				GCC_WARN_UNDECLARED_SELECTOR = YES;
				GCC_WARN_UNINITIALIZED_AUTOS = YES_AGGRESSIVE;
				GCC_WARN_UNUSED_FUNCTION = YES;
				GCC_WARN_UNUSED_VARIABLE = YES;
				IPHONEOS_DEPLOYMENT_TARGET = 8.1;
				MTL_ENABLE_DEBUG_INFO = YES;
				ONLY_ACTIVE_ARCH = YES;
				SDKROOT = iphoneos;
			};
			name = Debug;
		};
		6D6A42DB1A05BA3B0005B35F /* Release */ = {
			isa = XCBuildConfiguration;
			buildSettings = {
				ALWAYS_SEARCH_USER_PATHS = NO;
				CLANG_CXX_LANGUAGE_STANDARD = "gnu++0x";
				CLANG_CXX_LIBRARY = "libc++";
				CLANG_ENABLE_MODULES = YES;
				CLANG_ENABLE_OBJC_ARC = YES;
				CLANG_WARN_BOOL_CONVERSION = YES;
				CLANG_WARN_CONSTANT_CONVERSION = YES;
				CLANG_WARN_DIRECT_OBJC_ISA_USAGE = YES_ERROR;
				CLANG_WARN_EMPTY_BODY = YES;
				CLANG_WARN_ENUM_CONVERSION = YES;
				CLANG_WARN_INT_CONVERSION = YES;
				CLANG_WARN_OBJC_ROOT_CLASS = YES_ERROR;
				CLANG_WARN_UNREACHABLE_CODE = YES;
				CLANG_WARN__DUPLICATE_METHOD_MATCH = YES;
				"CODE_SIGN_IDENTITY[sdk=iphoneos*]" = "iPhone Developer";
				COPY_PHASE_STRIP = YES;
				ENABLE_NS_ASSERTIONS = NO;
				ENABLE_STRICT_OBJC_MSGSEND = YES;
				GCC_C_LANGUAGE_STANDARD = gnu99;
				GCC_WARN_64_TO_32_BIT_CONVERSION = YES;
				GCC_WARN_ABOUT_RETURN_TYPE = YES_ERROR;
				GCC_WARN_UNDECLARED_SELECTOR = YES;
				GCC_WARN_UNINITIALIZED_AUTOS = YES_AGGRESSIVE;
				GCC_WARN_UNUSED_FUNCTION = YES;
				GCC_WARN_UNUSED_VARIABLE = YES;
				IPHONEOS_DEPLOYMENT_TARGET = 8.1;
				MTL_ENABLE_DEBUG_INFO = NO;
				SDKROOT = iphoneos;
				VALIDATE_PRODUCT = YES;
			};
			name = Release;
		};
		6D6A42DD1A05BA3B0005B35F /* Debug */ = {
			isa = XCBuildConfiguration;
			buildSettings = {
				ASSETCATALOG_COMPILER_APPICON_NAME = AppIcon;
				CODE_SIGN_IDENTITY = "iPhone Developer";
				"CODE_SIGN_IDENTITY[sdk=iphoneos*]" = "iPhone Developer";
				FRAMEWORK_SEARCH_PATHS = (
					"$(inherited)",
					"$(PROJECT_DIR)/libQQSDK",
				);
				INFOPLIST_FILE = HaiTao/Info.plist;
				IPHONEOS_DEPLOYMENT_TARGET = 6.0;
				LD_RUNPATH_SEARCH_PATHS = "$(inherited) @executable_path/Frameworks";
				LIBRARY_SEARCH_PATHS = (
					"$(inherited)",
					"$(PROJECT_DIR)/libWeiboSDK",
				);
				OTHER_LDFLAGS = "-fobjc-arc";
				PRODUCT_NAME = "$(TARGET_NAME)";
				PROVISIONING_PROFILE = "";
			};
			name = Debug;
		};
		6D6A42DE1A05BA3B0005B35F /* Release */ = {
			isa = XCBuildConfiguration;
			buildSettings = {
				ASSETCATALOG_COMPILER_APPICON_NAME = AppIcon;
				CODE_SIGN_IDENTITY = "iPhone Developer";
				"CODE_SIGN_IDENTITY[sdk=iphoneos*]" = "iPhone Developer";
				FRAMEWORK_SEARCH_PATHS = (
					"$(inherited)",
					"$(PROJECT_DIR)/libQQSDK",
				);
				INFOPLIST_FILE = HaiTao/Info.plist;
				IPHONEOS_DEPLOYMENT_TARGET = 6.0;
				LD_RUNPATH_SEARCH_PATHS = "$(inherited) @executable_path/Frameworks";
				LIBRARY_SEARCH_PATHS = (
					"$(inherited)",
					"$(PROJECT_DIR)/libWeiboSDK",
				);
				OTHER_LDFLAGS = "-fobjc-arc";
				PRODUCT_NAME = "$(TARGET_NAME)";
				PROVISIONING_PROFILE = "";
			};
			name = Release;
		};
		6D6A42E01A05BA3B0005B35F /* Debug */ = {
			isa = XCBuildConfiguration;
			buildSettings = {
				BUNDLE_LOADER = "$(TEST_HOST)";
				FRAMEWORK_SEARCH_PATHS = (
					"$(SDKROOT)/Developer/Library/Frameworks",
					"$(inherited)",
				);
				GCC_PREPROCESSOR_DEFINITIONS = (
					"DEBUG=1",
					"$(inherited)",
				);
				INFOPLIST_FILE = HaiTaoTests/Info.plist;
				LD_RUNPATH_SEARCH_PATHS = "$(inherited) @executable_path/Frameworks @loader_path/Frameworks";
				PRODUCT_NAME = "$(TARGET_NAME)";
				TEST_HOST = "$(BUILT_PRODUCTS_DIR)/HaiTao.app/HaiTao";
			};
			name = Debug;
		};
		6D6A42E11A05BA3B0005B35F /* Release */ = {
			isa = XCBuildConfiguration;
			buildSettings = {
				BUNDLE_LOADER = "$(TEST_HOST)";
				FRAMEWORK_SEARCH_PATHS = (
					"$(SDKROOT)/Developer/Library/Frameworks",
					"$(inherited)",
				);
				INFOPLIST_FILE = HaiTaoTests/Info.plist;
				LD_RUNPATH_SEARCH_PATHS = "$(inherited) @executable_path/Frameworks @loader_path/Frameworks";
				PRODUCT_NAME = "$(TARGET_NAME)";
				TEST_HOST = "$(BUILT_PRODUCTS_DIR)/HaiTao.app/HaiTao";
			};
			name = Release;
		};
/* End XCBuildConfiguration section */

/* Begin XCConfigurationList section */
		6D6A42B11A05BA3A0005B35F /* Build configuration list for PBXProject "HaiTao" */ = {
			isa = XCConfigurationList;
			buildConfigurations = (
				6D6A42DA1A05BA3B0005B35F /* Debug */,
				6D6A42DB1A05BA3B0005B35F /* Release */,
			);
			defaultConfigurationIsVisible = 0;
			defaultConfigurationName = Release;
		};
		6D6A42DC1A05BA3B0005B35F /* Build configuration list for PBXNativeTarget "HaiTao" */ = {
			isa = XCConfigurationList;
			buildConfigurations = (
				6D6A42DD1A05BA3B0005B35F /* Debug */,
				6D6A42DE1A05BA3B0005B35F /* Release */,
			);
			defaultConfigurationIsVisible = 0;
			defaultConfigurationName = Release;
		};
		6D6A42DF1A05BA3B0005B35F /* Build configuration list for PBXNativeTarget "HaiTaoTests" */ = {
			isa = XCConfigurationList;
			buildConfigurations = (
				6D6A42E01A05BA3B0005B35F /* Debug */,
				6D6A42E11A05BA3B0005B35F /* Release */,
			);
			defaultConfigurationIsVisible = 0;
			defaultConfigurationName = Release;
		};
/* End XCConfigurationList section */

/* Begin XCVersionGroup section */
		6D6A42C01A05BA3B0005B35F /* HaiTao.xcdatamodeld */ = {
			isa = XCVersionGroup;
			children = (
				6D6A42C11A05BA3B0005B35F /* HaiTao.xcdatamodel */,
			);
			currentVersion = 6D6A42C11A05BA3B0005B35F /* HaiTao.xcdatamodel */;
			path = HaiTao.xcdatamodeld;
			sourceTree = "<group>";
			versionGroupType = wrapper.xcdatamodel;
		};
/* End XCVersionGroup section */
	};
	rootObject = 6D6A42AE1A05BA3A0005B35F /* Project object */;
}
